
Microsoft Visual Studio Solution File, Format Version 12.00
# Visual Studio Version 17
VisualStudioVersion = 17.4.33213.308
MinimumVisualStudioVersion = 10.0.40219.1
Project("{FAE04EC0-301F-11D3-BF4B-00C04F79EFBC}") = "ChartJs.Server", "ChartJs\Server\ChartJs.Server.csproj", "{09CD60A2-9A13-4C7D-8831-732B48788C0B}"
EndProject
Project("{FAE04EC0-301F-11D3-BF4B-00C04F79EFBC}") = "ChartJs.Client", "ChartJs\Client\ChartJs.Client.csproj", "{D311ACC3-C48C-420B-904E-3B433B8E24B0}"
EndProject
Project("{FAE04EC0-301F-11D3-BF4B-00C04F79EFBC}") = "ChartJs.Shared", "ChartJs\Shared\ChartJs.Shared.csproj", "{5619CA24-3087-41DF-B25F-6798CDF6222D}"
EndProject
Global
	GlobalSection(SolutionConfigurationPlatforms) = preSolution
		Debug|Any CPU = Debug|Any CPU
		Release|Any CPU = Release|Any CPU
	EndGlobalSection
	GlobalSection(ProjectConfigurationPlatforms) = postSolution
		{09CD60A2-9A13-4C7D-8831-732B48788C0B}.Debug|Any CPU.ActiveCfg = Debug|Any CPU
		{09CD60A2-9A13-4C7D-8831-732B48788C0B}.Debug|Any CPU.Build.0 = Debug|Any CPU
		{09CD60A2-9A13-4C7D-8831-732B48788C0B}.Release|Any CPU.ActiveCfg = Release|Any CPU
		{09CD60A2-9A13-4C7D-8831-732B48788C0B}.Release|Any CPU.Build.0 = Release|Any CPU
		{D311ACC3-C48C-420B-904E-3B433B8E24B0}.Debug|Any CPU.ActiveCfg = Debug|Any CPU
		{D311ACC3-C48C-420B-904E-3B433B8E24B0}.Debug|Any CPU.Build.0 = Debug|Any CPU
		{D311ACC3-C48C-420B-904E-3B433B8E24B0}.Release|Any CPU.ActiveCfg = Release|Any CPU
		{D311ACC3-C48C-420B-904E-3B433B8E24B0}.Release|Any CPU.Build.0 = Release|Any CPU
		{5619CA24-3087-41DF-B25F-6798CDF6222D}.Debug|Any CPU.ActiveCfg = Debug|Any CPU
		{5619CA24-3087-41DF-B25F-6798CDF6222D}.Debug|Any CPU.Build.0 = Debug|Any CPU
		{5619CA24-3087-41DF-B25F-6798CDF6222D}.Release|Any CPU.ActiveCfg = Release|Any CPU
		{5619CA24-3087-41DF-B25F-6798CDF6222D}.Release|Any CPU.Build.0 = Release|Any CPU
	EndGlobalSection
	GlobalSection(SolutionProperties) = preSolution
		HideSolutionNode = FALSE
	EndGlobalSection
	GlobalSection(ExtensibilityGlobals) = postSolution
		SolutionGuid = {26B9021A-24B1-45B8-8A9C-77B4D66D44EC}
	EndGlobalSection
EndGlobal
